// !$*UTF8*$!
{
	archiveVersion = 1;
	classes = {
	};
	objectVersion = 55;
	objects = {

/* Begin PBXBuildFile section */
		6C3B74E928390EED003C8EE9 /* NetworkRechability.swift in Sources */ = {isa = PBXBuildFile; fileRef = 6C3B74E828390EED003C8EE9 /* NetworkRechability.swift */; };
		6C4C3D1F2833F3DF0037D7E3 /* LiteModeRow.swift in Sources */ = {isa = PBXBuildFile; fileRef = 6C4C3D1E2833F3DF0037D7E3 /* LiteModeRow.swift */; };
		6C4C3D222833F6410037D7E3 /* FirebaseAnalytics in Frameworks */ = {isa = PBXBuildFile; productRef = 6C4C3D212833F6410037D7E3 /* FirebaseAnalytics */; };
		6C4C3D242833F6410037D7E3 /* FirebaseMessaging in Frameworks */ = {isa = PBXBuildFile; productRef = 6C4C3D232833F6410037D7E3 /* FirebaseMessaging */; };
		6C59FD67281AA7880026F8E3 /* PrimaryButton.swift in Sources */ = {isa = PBXBuildFile; fileRef = 6C59FD66281AA7880026F8E3 /* PrimaryButton.swift */; };
		6C59FD69281AA9170026F8E3 /* Extensions.swift in Sources */ = {isa = PBXBuildFile; fileRef = 6C59FD68281AA9170026F8E3 /* Extensions.swift */; };
		6C59FD6B281AAD2A0026F8E3 /* ProfileRow.swift in Sources */ = {isa = PBXBuildFile; fileRef = 6C59FD6A281AAD2A0026F8E3 /* ProfileRow.swift */; };
		6C67E04E28183E7300D71213 /* SwiftUI_Combine_and_DataApp.swift in Sources */ = {isa = PBXBuildFile; fileRef = 6C67E03E28183E6D00D71213 /* SwiftUI_Combine_and_DataApp.swift */; };
		6C67E04F28183E7300D71213 /* SwiftUI_Combine_and_DataApp.swift in Sources */ = {isa = PBXBuildFile; fileRef = 6C67E03E28183E6D00D71213 /* SwiftUI_Combine_and_DataApp.swift */; };
		6C67E05028183E7300D71213 /* ContentView.swift in Sources */ = {isa = PBXBuildFile; fileRef = 6C67E03F28183E6D00D71213 /* ContentView.swift */; };
		6C67E05128183E7300D71213 /* ContentView.swift in Sources */ = {isa = PBXBuildFile; fileRef = 6C67E03F28183E6D00D71213 /* ContentView.swift */; };
		6C67E05228183E7300D71213 /* Assets.xcassets in Resources */ = {isa = PBXBuildFile; fileRef = 6C67E04028183E7300D71213 /* Assets.xcassets */; };
		6C67E05328183E7300D71213 /* Assets.xcassets in Resources */ = {isa = PBXBuildFile; fileRef = 6C67E04028183E7300D71213 /* Assets.xcassets */; };
		6C67E05D281842EC00D71213 /* TrackableScrollView.swift in Sources */ = {isa = PBXBuildFile; fileRef = 6C67E05C281842EC00D71213 /* TrackableScrollView.swift */; };
		6C67E05E281842EC00D71213 /* TrackableScrollView.swift in Sources */ = {isa = PBXBuildFile; fileRef = 6C67E05C281842EC00D71213 /* TrackableScrollView.swift */; };
		6C67E060281849F400D71213 /* MenuRow.swift in Sources */ = {isa = PBXBuildFile; fileRef = 6C67E05F281849F400D71213 /* MenuRow.swift */; };
		6C67E061281849F400D71213 /* MenuRow.swift in Sources */ = {isa = PBXBuildFile; fileRef = 6C67E05F281849F400D71213 /* MenuRow.swift */; };
		6C67E06328184BC700D71213 /* GradientIcon.swift in Sources */ = {isa = PBXBuildFile; fileRef = 6C67E06228184BC700D71213 /* GradientIcon.swift */; };
		6C67E06428184BC700D71213 /* GradientIcon.swift in Sources */ = {isa = PBXBuildFile; fileRef = 6C67E06228184BC700D71213 /* GradientIcon.swift */; };
		6C67E067281851EC00D71213 /* FAQViews.swift in Sources */ = {isa = PBXBuildFile; fileRef = 6C67E066281851EC00D71213 /* FAQViews.swift */; };
		6C67E068281851EC00D71213 /* FAQViews.swift in Sources */ = {isa = PBXBuildFile; fileRef = 6C67E066281851EC00D71213 /* FAQViews.swift */; };
		6C67E06A281851F700D71213 /* PackagesView.swift in Sources */ = {isa = PBXBuildFile; fileRef = 6C67E069281851F700D71213 /* PackagesView.swift */; };
		6C67E06B281851F700D71213 /* PackagesView.swift in Sources */ = {isa = PBXBuildFile; fileRef = 6C67E069281851F700D71213 /* PackagesView.swift */; };
		6C67E071281861C600D71213 /* Packege.swift in Sources */ = {isa = PBXBuildFile; fileRef = 6C67E070281861C600D71213 /* Packege.swift */; };
		6C67E0732818640000D71213 /* PackageRow.swift in Sources */ = {isa = PBXBuildFile; fileRef = 6C67E0722818640000D71213 /* PackageRow.swift */; };
		6C846F842819506700EB23BD /* FAQ.swift in Sources */ = {isa = PBXBuildFile; fileRef = 6C846F832819506700EB23BD /* FAQ.swift */; };
		6C846F872819512A00EB23BD /* faqData.json in Resources */ = {isa = PBXBuildFile; fileRef = 6C846F862819512A00EB23BD /* faqData.json */; };
		6CA48D9B281C56A000083FA6 /* FirebaseFirestore in Frameworks */ = {isa = PBXBuildFile; productRef = 6CA48D9A281C56A000083FA6 /* FirebaseFirestore */; };
		6CA48D9E281C57D000083FA6 /* CertificateCard.swift in Sources */ = {isa = PBXBuildFile; fileRef = 6CA48D9D281C57D000083FA6 /* CertificateCard.swift */; };
		6CA48DA1281C585400083FA6 /* CertificateViewModel.swift in Sources */ = {isa = PBXBuildFile; fileRef = 6CA48DA0281C585400083FA6 /* CertificateViewModel.swift */; };
		6CA48DA3281C58EC00083FA6 /* Certificate.swift in Sources */ = {isa = PBXBuildFile; fileRef = 6CA48DA2281C58EC00083FA6 /* Certificate.swift */; };
		6CA48DA5281C599700083FA6 /* CertificatesView.swift in Sources */ = {isa = PBXBuildFile; fileRef = 6CA48DA4281C599700083FA6 /* CertificatesView.swift */; };
		6CD08BB52833C693009DA637 /* GoogleService-Info.plist in Resources */ = {isa = PBXBuildFile; fileRef = 6CD08BB42833C693009DA637 /* GoogleService-Info.plist */; };
		6CD08BB62833C693009DA637 /* GoogleService-Info.plist in Resources */ = {isa = PBXBuildFile; fileRef = 6CD08BB42833C693009DA637 /* GoogleService-Info.plist */; };
		6CDAF978281D3E33003967F7 /* NotificationsRow.swift in Sources */ = {isa = PBXBuildFile; fileRef = 6CDAF977281D3E33003967F7 /* NotificationsRow.swift */; };
/* End PBXBuildFile section */

/* Begin PBXFileReference section */
		6C3B74E828390EED003C8EE9 /* NetworkRechability.swift */ = {isa = PBXFileReference; lastKnownFileType = sourcecode.swift; path = NetworkRechability.swift; sourceTree = "<group>"; };
		6C4C3D1E2833F3DF0037D7E3 /* LiteModeRow.swift */ = {isa = PBXFileReference; lastKnownFileType = sourcecode.swift; path = LiteModeRow.swift; sourceTree = "<group>"; };
		6C59FD66281AA7880026F8E3 /* PrimaryButton.swift */ = {isa = PBXFileReference; lastKnownFileType = sourcecode.swift; path = PrimaryButton.swift; sourceTree = "<group>"; };
		6C59FD68281AA9170026F8E3 /* Extensions.swift */ = {isa = PBXFileReference; lastKnownFileType = sourcecode.swift; path = Extensions.swift; sourceTree = "<group>"; };
		6C59FD6A281AAD2A0026F8E3 /* ProfileRow.swift */ = {isa = PBXFileReference; lastKnownFileType = sourcecode.swift; path = ProfileRow.swift; sourceTree = "<group>"; };
		6C67E03E28183E6D00D71213 /* SwiftUI_Combine_and_DataApp.swift */ = {isa = PBXFileReference; lastKnownFileType = sourcecode.swift; path = SwiftUI_Combine_and_DataApp.swift; sourceTree = "<group>"; };
		6C67E03F28183E6D00D71213 /* ContentView.swift */ = {isa = PBXFileReference; lastKnownFileType = sourcecode.swift; path = ContentView.swift; sourceTree = "<group>"; };
		6C67E04028183E7300D71213 /* Assets.xcassets */ = {isa = PBXFileReference; lastKnownFileType = folder.assetcatalog; path = Assets.xcassets; sourceTree = "<group>"; };
		6C67E04528183E7300D71213 /* SwiftUI Combine and Data.app */ = {isa = PBXFileReference; explicitFileType = wrapper.application; includeInIndex = 0; path = "SwiftUI Combine and Data.app"; sourceTree = BUILT_PRODUCTS_DIR; };
		6C67E04B28183E7300D71213 /* SwiftUI Combine and Data.app */ = {isa = PBXFileReference; explicitFileType = wrapper.application; includeInIndex = 0; path = "SwiftUI Combine and Data.app"; sourceTree = BUILT_PRODUCTS_DIR; };
		6C67E04D28183E7300D71213 /* macOS.entitlements */ = {isa = PBXFileReference; lastKnownFileType = text.plist.entitlements; path = macOS.entitlements; sourceTree = "<group>"; };
		6C67E05C281842EC00D71213 /* TrackableScrollView.swift */ = {isa = PBXFileReference; lastKnownFileType = sourcecode.swift; path = TrackableScrollView.swift; sourceTree = "<group>"; };
		6C67E05F281849F400D71213 /* MenuRow.swift */ = {isa = PBXFileReference; lastKnownFileType = sourcecode.swift; path = MenuRow.swift; sourceTree = "<group>"; };
		6C67E06228184BC700D71213 /* GradientIcon.swift */ = {isa = PBXFileReference; lastKnownFileType = sourcecode.swift; path = GradientIcon.swift; sourceTree = "<group>"; };
		6C67E066281851EC00D71213 /* FAQViews.swift */ = {isa = PBXFileReference; lastKnownFileType = sourcecode.swift; path = FAQViews.swift; sourceTree = "<group>"; };
		6C67E069281851F700D71213 /* PackagesView.swift */ = {isa = PBXFileReference; lastKnownFileType = sourcecode.swift; path = PackagesView.swift; sourceTree = "<group>"; };
		6C67E070281861C600D71213 /* Packege.swift */ = {isa = PBXFileReference; lastKnownFileType = sourcecode.swift; path = Packege.swift; sourceTree = "<group>"; };
		6C67E0722818640000D71213 /* PackageRow.swift */ = {isa = PBXFileReference; lastKnownFileType = sourcecode.swift; path = PackageRow.swift; sourceTree = "<group>"; };
		6C846F832819506700EB23BD /* FAQ.swift */ = {isa = PBXFileReference; lastKnownFileType = sourcecode.swift; path = FAQ.swift; sourceTree = "<group>"; };
		6C846F862819512A00EB23BD /* faqData.json */ = {isa = PBXFileReference; lastKnownFileType = text.json; path = faqData.json; sourceTree = "<group>"; };
		6CA48D9D281C57D000083FA6 /* CertificateCard.swift */ = {isa = PBXFileReference; lastKnownFileType = sourcecode.swift; path = CertificateCard.swift; sourceTree = "<group>"; };
		6CA48DA0281C585400083FA6 /* CertificateViewModel.swift */ = {isa = PBXFileReference; lastKnownFileType = sourcecode.swift; path = CertificateViewModel.swift; sourceTree = "<group>"; };
		6CA48DA2281C58EC00083FA6 /* Certificate.swift */ = {isa = PBXFileReference; lastKnownFileType = sourcecode.swift; path = Certificate.swift; sourceTree = "<group>"; };
		6CA48DA4281C599700083FA6 /* CertificatesView.swift */ = {isa = PBXFileReference; lastKnownFileType = sourcecode.swift; path = CertificatesView.swift; sourceTree = "<group>"; };
		6CD08BB42833C693009DA637 /* GoogleService-Info.plist */ = {isa = PBXFileReference; fileEncoding = 4; lastKnownFileType = text.plist.xml; path = "GoogleService-Info.plist"; sourceTree = "<group>"; };
		6CDAF977281D3E33003967F7 /* NotificationsRow.swift */ = {isa = PBXFileReference; lastKnownFileType = sourcecode.swift; path = NotificationsRow.swift; sourceTree = "<group>"; };
/* End PBXFileReference section */

/* Begin PBXFrameworksBuildPhase section */
		6C67E04228183E7300D71213 /* Frameworks */ = {
			isa = PBXFrameworksBuildPhase;
			buildActionMask = 2147483647;
			files = (
				6C4C3D242833F6410037D7E3 /* FirebaseMessaging in Frameworks */,
				6C4C3D222833F6410037D7E3 /* FirebaseAnalytics in Frameworks */,
				6CA48D9B281C56A000083FA6 /* FirebaseFirestore in Frameworks */,
			);
			runOnlyForDeploymentPostprocessing = 0;
		};
		6C67E04828183E7300D71213 /* Frameworks */ = {
			isa = PBXFrameworksBuildPhase;
			buildActionMask = 2147483647;
			files = (
			);
			runOnlyForDeploymentPostprocessing = 0;
		};
/* End PBXFrameworksBuildPhase section */

/* Begin PBXGroup section */
		6C3B74EA28390F0D003C8EE9 /* Utils */ = {
			isa = PBXGroup;
			children = (
				6C59FD68281AA9170026F8E3 /* Extensions.swift */,
				6C3B74E828390EED003C8EE9 /* NetworkRechability.swift */,
			);
			path = Utils;
			sourceTree = "<group>";
		};
		6C4C3D202833F6410037D7E3 /* Frameworks */ = {
			isa = PBXGroup;
			children = (
			);
			name = Frameworks;
			sourceTree = "<group>";
		};
		6C59FD65281AA7790026F8E3 /* Buttons */ = {
			isa = PBXGroup;
			children = (
				6C59FD66281AA7880026F8E3 /* PrimaryButton.swift */,
			);
			path = Buttons;
			sourceTree = "<group>";
		};
		6C67E03828183E6D00D71213 = {
			isa = PBXGroup;
			children = (
				6CA48D9F281C583E00083FA6 /* ViewModel */,
				6C3B74EA28390F0D003C8EE9 /* Utils */,
				6C67E03F28183E6D00D71213 /* ContentView.swift */,
				6C846F852819510300EB23BD /* Resources */,
				6C67E06F281861B300D71213 /* Models */,
				6C67E06E2818522A00D71213 /* Components */,
				6C67E065281851DB00D71213 /* Views */,
				6C67E03D28183E6D00D71213 /* Shared */,
				6C67E04C28183E7300D71213 /* macOS */,
				6C67E04628183E7300D71213 /* Products */,
				6C4C3D202833F6410037D7E3 /* Frameworks */,
			);
			sourceTree = "<group>";
		};
		6C67E03D28183E6D00D71213 /* Shared */ = {
			isa = PBXGroup;
			children = (
				6C67E03E28183E6D00D71213 /* SwiftUI_Combine_and_DataApp.swift */,
				6CD08BB42833C693009DA637 /* GoogleService-Info.plist */,
				6C67E04028183E7300D71213 /* Assets.xcassets */,
				6C67E05C281842EC00D71213 /* TrackableScrollView.swift */,
			);
			path = Shared;
			sourceTree = "<group>";
		};
		6C67E04628183E7300D71213 /* Products */ = {
			isa = PBXGroup;
			children = (
				6C67E04528183E7300D71213 /* SwiftUI Combine and Data.app */,
				6C67E04B28183E7300D71213 /* SwiftUI Combine and Data.app */,
			);
			name = Products;
			sourceTree = "<group>";
		};
		6C67E04C28183E7300D71213 /* macOS */ = {
			isa = PBXGroup;
			children = (
				6C67E04D28183E7300D71213 /* macOS.entitlements */,
			);
			path = macOS;
			sourceTree = "<group>";
		};
		6C67E065281851DB00D71213 /* Views */ = {
			isa = PBXGroup;
			children = (
				6C67E066281851EC00D71213 /* FAQViews.swift */,
				6C67E069281851F700D71213 /* PackagesView.swift */,
				6CA48DA4281C599700083FA6 /* CertificatesView.swift */,
			);
			path = Views;
			sourceTree = "<group>";
		};
		6C67E06C2818520800D71213 /* Rows */ = {
			isa = PBXGroup;
			children = (
				6C67E05F281849F400D71213 /* MenuRow.swift */,
				6C67E0722818640000D71213 /* PackageRow.swift */,
				6C59FD6A281AAD2A0026F8E3 /* ProfileRow.swift */,
				6CDAF977281D3E33003967F7 /* NotificationsRow.swift */,
				6C4C3D1E2833F3DF0037D7E3 /* LiteModeRow.swift */,
			);
			path = Rows;
			sourceTree = "<group>";
		};
		6C67E06D2818521C00D71213 /* Others */ = {
			isa = PBXGroup;
			children = (
				6C67E06228184BC700D71213 /* GradientIcon.swift */,
			);
			path = Others;
			sourceTree = "<group>";
		};
		6C67E06E2818522A00D71213 /* Components */ = {
			isa = PBXGroup;
			children = (
				6CA48D9C281C57BB00083FA6 /* Cards */,
				6C59FD65281AA7790026F8E3 /* Buttons */,
				6C67E06C2818520800D71213 /* Rows */,
				6C67E06D2818521C00D71213 /* Others */,
			);
			path = Components;
			sourceTree = "<group>";
		};
		6C67E06F281861B300D71213 /* Models */ = {
			isa = PBXGroup;
			children = (
				6C67E070281861C600D71213 /* Packege.swift */,
				6C846F832819506700EB23BD /* FAQ.swift */,
				6CA48DA2281C58EC00083FA6 /* Certificate.swift */,
			);
			path = Models;
			sourceTree = "<group>";
		};
		6C846F852819510300EB23BD /* Resources */ = {
			isa = PBXGroup;
			children = (
				6C846F862819512A00EB23BD /* faqData.json */,
			);
			path = Resources;
			sourceTree = "<group>";
		};
		6CA48D9C281C57BB00083FA6 /* Cards */ = {
			isa = PBXGroup;
			children = (
				6CA48D9D281C57D000083FA6 /* CertificateCard.swift */,
			);
			path = Cards;
			sourceTree = "<group>";
		};
		6CA48D9F281C583E00083FA6 /* ViewModel */ = {
			isa = PBXGroup;
			children = (
				6CA48DA0281C585400083FA6 /* CertificateViewModel.swift */,
			);
			path = ViewModel;
			sourceTree = "<group>";
		};
/* End PBXGroup section */

/* Begin PBXNativeTarget section */
		6C67E04428183E7300D71213 /* SwiftUI Combine and Data (iOS) */ = {
			isa = PBXNativeTarget;
			buildConfigurationList = 6C67E05628183E7300D71213 /* Build configuration list for PBXNativeTarget "SwiftUI Combine and Data (iOS)" */;
			buildPhases = (
				6C67E04128183E7300D71213 /* Sources */,
				6C67E04228183E7300D71213 /* Frameworks */,
				6C67E04328183E7300D71213 /* Resources */,
			);
			buildRules = (
			);
			dependencies = (
			);
			name = "SwiftUI Combine and Data (iOS)";
			packageProductDependencies = (
				6CA48D9A281C56A000083FA6 /* FirebaseFirestore */,
				6C4C3D212833F6410037D7E3 /* FirebaseAnalytics */,
				6C4C3D232833F6410037D7E3 /* FirebaseMessaging */,
			);
			productName = "SwiftUI Combine and Data (iOS)";
			productReference = 6C67E04528183E7300D71213 /* SwiftUI Combine and Data.app */;
			productType = "com.apple.product-type.application";
		};
		6C67E04A28183E7300D71213 /* SwiftUI Combine and Data (macOS) */ = {
			isa = PBXNativeTarget;
			buildConfigurationList = 6C67E05928183E7300D71213 /* Build configuration list for PBXNativeTarget "SwiftUI Combine and Data (macOS)" */;
			buildPhases = (
				6C67E04728183E7300D71213 /* Sources */,
				6C67E04828183E7300D71213 /* Frameworks */,
				6C67E04928183E7300D71213 /* Resources */,
			);
			buildRules = (
			);
			dependencies = (
			);
			name = "SwiftUI Combine and Data (macOS)";
			productName = "SwiftUI Combine and Data (macOS)";
			productReference = 6C67E04B28183E7300D71213 /* SwiftUI Combine and Data.app */;
			productType = "com.apple.product-type.application";
		};
/* End PBXNativeTarget section */

/* Begin PBXProject section */
		6C67E03928183E6D00D71213 /* Project object */ = {
			isa = PBXProject;
			attributes = {
				BuildIndependentTargetsInParallel = 1;
				LastSwiftUpdateCheck = 1330;
				LastUpgradeCheck = 1330;
				TargetAttributes = {
					6C67E04428183E7300D71213 = {
						CreatedOnToolsVersion = 13.3.1;
					};
					6C67E04A28183E7300D71213 = {
						CreatedOnToolsVersion = 13.3.1;
					};
				};
			};
			buildConfigurationList = 6C67E03C28183E6D00D71213 /* Build configuration list for PBXProject "SwiftUI Combine and Data" */;
			compatibilityVersion = "Xcode 13.0";
			developmentRegion = en;
			hasScannedForEncodings = 0;
			knownRegions = (
				en,
				Base,
			);
			mainGroup = 6C67E03828183E6D00D71213;
			packageReferences = (
				6CA48D99281C56A000083FA6 /* XCRemoteSwiftPackageReference "firebase-ios-sdk" */,
			);
			productRefGroup = 6C67E04628183E7300D71213 /* Products */;
			projectDirPath = "";
			projectRoot = "";
			targets = (
				6C67E04428183E7300D71213 /* SwiftUI Combine and Data (iOS) */,
				6C67E04A28183E7300D71213 /* SwiftUI Combine and Data (macOS) */,
			);
		};
/* End PBXProject section */

/* Begin PBXResourcesBuildPhase section */
		6C67E04328183E7300D71213 /* Resources */ = {
			isa = PBXResourcesBuildPhase;
			buildActionMask = 2147483647;
			files = (
				6C846F872819512A00EB23BD /* faqData.json in Resources */,
				6C67E05228183E7300D71213 /* Assets.xcassets in Resources */,
				6CD08BB52833C693009DA637 /* GoogleService-Info.plist in Resources */,
			);
			runOnlyForDeploymentPostprocessing = 0;
		};
		6C67E04928183E7300D71213 /* Resources */ = {
			isa = PBXResourcesBuildPhase;
			buildActionMask = 2147483647;
			files = (
				6C67E05328183E7300D71213 /* Assets.xcassets in Resources */,
				6CD08BB62833C693009DA637 /* GoogleService-Info.plist in Resources */,
			);
			runOnlyForDeploymentPostprocessing = 0;
		};
/* End PBXResourcesBuildPhase section */

/* Begin PBXSourcesBuildPhase section */
		6C67E04128183E7300D71213 /* Sources */ = {
			isa = PBXSourcesBuildPhase;
			buildActionMask = 2147483647;
			files = (
				6C67E071281861C600D71213 /* Packege.swift in Sources */,
				6CA48DA5281C599700083FA6 /* CertificatesView.swift in Sources */,
				6C59FD67281AA7880026F8E3 /* PrimaryButton.swift in Sources */,
				6C67E06328184BC700D71213 /* GradientIcon.swift in Sources */,
				6C67E05D281842EC00D71213 /* TrackableScrollView.swift in Sources */,
				6C67E060281849F400D71213 /* MenuRow.swift in Sources */,
				6C59FD6B281AAD2A0026F8E3 /* ProfileRow.swift in Sources */,
				6C67E067281851EC00D71213 /* FAQViews.swift in Sources */,
				6C67E05028183E7300D71213 /* ContentView.swift in Sources */,
				6C59FD69281AA9170026F8E3 /* Extensions.swift in Sources */,
				6CDAF978281D3E33003967F7 /* NotificationsRow.swift in Sources */,
				6C67E0732818640000D71213 /* PackageRow.swift in Sources */,
				6C67E04E28183E7300D71213 /* SwiftUI_Combine_and_DataApp.swift in Sources */,
				6C3B74E928390EED003C8EE9 /* NetworkRechability.swift in Sources */,
				6CA48DA1281C585400083FA6 /* CertificateViewModel.swift in Sources */,
				6CA48D9E281C57D000083FA6 /* CertificateCard.swift in Sources */,
				6C846F842819506700EB23BD /* FAQ.swift in Sources */,
				6C67E06A281851F700D71213 /* PackagesView.swift in Sources */,
				6C4C3D1F2833F3DF0037D7E3 /* LiteModeRow.swift in Sources */,
				6CA48DA3281C58EC00083FA6 /* Certificate.swift in Sources */,
			);
			runOnlyForDeploymentPostprocessing = 0;
		};
		6C67E04728183E7300D71213 /* Sources */ = {
			isa = PBXSourcesBuildPhase;
			buildActionMask = 2147483647;
			files = (
				6C67E06428184BC700D71213 /* GradientIcon.swift in Sources */,
				6C67E05E281842EC00D71213 /* TrackableScrollView.swift in Sources */,
				6C67E061281849F400D71213 /* MenuRow.swift in Sources */,
				6C67E068281851EC00D71213 /* FAQViews.swift in Sources */,
				6C67E05128183E7300D71213 /* ContentView.swift in Sources */,
				6C67E04F28183E7300D71213 /* SwiftUI_Combine_and_DataApp.swift in Sources */,
				6C67E06B281851F700D71213 /* PackagesView.swift in Sources */,
			);
			runOnlyForDeploymentPostprocessing = 0;
		};
/* End PBXSourcesBuildPhase section */

/* Begin XCBuildConfiguration section */
		6C67E05428183E7300D71213 /* Debug */ = {
			isa = XCBuildConfiguration;
			buildSettings = {
				ALWAYS_SEARCH_USER_PATHS = NO;
				CLANG_ANALYZER_NONNULL = YES;
				CLANG_ANALYZER_NUMBER_OBJECT_CONVERSION = YES_AGGRESSIVE;
				CLANG_CXX_LANGUAGE_STANDARD = "gnu++17";
				CLANG_ENABLE_MODULES = YES;
				CLANG_ENABLE_OBJC_ARC = YES;
				CLANG_ENABLE_OBJC_WEAK = YES;
				CLANG_WARN_BLOCK_CAPTURE_AUTORELEASING = YES;
				CLANG_WARN_BOOL_CONVERSION = YES;
				CLANG_WARN_COMMA = YES;
				CLANG_WARN_CONSTANT_CONVERSION = YES;
				CLANG_WARN_DEPRECATED_OBJC_IMPLEMENTATIONS = YES;
				CLANG_WARN_DIRECT_OBJC_ISA_USAGE = YES_ERROR;
				CLANG_WARN_DOCUMENTATION_COMMENTS = YES;
				CLANG_WARN_EMPTY_BODY = YES;
				CLANG_WARN_ENUM_CONVERSION = YES;
				CLANG_WARN_INFINITE_RECURSION = YES;
				CLANG_WARN_INT_CONVERSION = YES;
				CLANG_WARN_NON_LITERAL_NULL_CONVERSION = YES;
				CLANG_WARN_OBJC_IMPLICIT_RETAIN_SELF = YES;
				CLANG_WARN_OBJC_LITERAL_CONVERSION = YES;
				CLANG_WARN_OBJC_ROOT_CLASS = YES_ERROR;
				CLANG_WARN_QUOTED_INCLUDE_IN_FRAMEWORK_HEADER = YES;
				CLANG_WARN_RANGE_LOOP_ANALYSIS = YES;
				CLANG_WARN_STRICT_PROTOTYPES = YES;
				CLANG_WARN_SUSPICIOUS_MOVE = YES;
				CLANG_WARN_UNGUARDED_AVAILABILITY = YES_AGGRESSIVE;
				CLANG_WARN_UNREACHABLE_CODE = YES;
				CLANG_WARN__DUPLICATE_METHOD_MATCH = YES;
				COPY_PHASE_STRIP = NO;
				DEBUG_INFORMATION_FORMAT = dwarf;
				ENABLE_STRICT_OBJC_MSGSEND = YES;
				ENABLE_TESTABILITY = YES;
				GCC_C_LANGUAGE_STANDARD = gnu11;
				GCC_DYNAMIC_NO_PIC = NO;
				GCC_NO_COMMON_BLOCKS = YES;
				GCC_OPTIMIZATION_LEVEL = 0;
				GCC_PREPROCESSOR_DEFINITIONS = (
					"DEBUG=1",
					"$(inherited)",
				);
				GCC_WARN_64_TO_32_BIT_CONVERSION = YES;
				GCC_WARN_ABOUT_RETURN_TYPE = YES_ERROR;
				GCC_WARN_UNDECLARED_SELECTOR = YES;
				GCC_WARN_UNINITIALIZED_AUTOS = YES_AGGRESSIVE;
				GCC_WARN_UNUSED_FUNCTION = YES;
				GCC_WARN_UNUSED_VARIABLE = YES;
				MTL_ENABLE_DEBUG_INFO = INCLUDE_SOURCE;
				MTL_FAST_MATH = YES;
				ONLY_ACTIVE_ARCH = YES;
				SWIFT_ACTIVE_COMPILATION_CONDITIONS = DEBUG;
				SWIFT_OPTIMIZATION_LEVEL = "-Onone";
			};
			name = Debug;
		};
		6C67E05528183E7300D71213 /* Release */ = {
			isa = XCBuildConfiguration;
			buildSettings = {
				ALWAYS_SEARCH_USER_PATHS = NO;
				CLANG_ANALYZER_NONNULL = YES;
				CLANG_ANALYZER_NUMBER_OBJECT_CONVERSION = YES_AGGRESSIVE;
				CLANG_CXX_LANGUAGE_STANDARD = "gnu++17";
				CLANG_ENABLE_MODULES = YES;
				CLANG_ENABLE_OBJC_ARC = YES;
				CLANG_ENABLE_OBJC_WEAK = YES;
				CLANG_WARN_BLOCK_CAPTURE_AUTORELEASING = YES;
				CLANG_WARN_BOOL_CONVERSION = YES;
				CLANG_WARN_COMMA = YES;
				CLANG_WARN_CONSTANT_CONVERSION = YES;
				CLANG_WARN_DEPRECATED_OBJC_IMPLEMENTATIONS = YES;
				CLANG_WARN_DIRECT_OBJC_ISA_USAGE = YES_ERROR;
				CLANG_WARN_DOCUMENTATION_COMMENTS = YES;
				CLANG_WARN_EMPTY_BODY = YES;
				CLANG_WARN_ENUM_CONVERSION = YES;
				CLANG_WARN_INFINITE_RECURSION = YES;
				CLANG_WARN_INT_CONVERSION = YES;
				CLANG_WARN_NON_LITERAL_NULL_CONVERSION = YES;
				CLANG_WARN_OBJC_IMPLICIT_RETAIN_SELF = YES;
				CLANG_WARN_OBJC_LITERAL_CONVERSION = YES;
				CLANG_WARN_OBJC_ROOT_CLASS = YES_ERROR;
				CLANG_WARN_QUOTED_INCLUDE_IN_FRAMEWORK_HEADER = YES;
				CLANG_WARN_RANGE_LOOP_ANALYSIS = YES;
				CLANG_WARN_STRICT_PROTOTYPES = YES;
				CLANG_WARN_SUSPICIOUS_MOVE = YES;
				CLANG_WARN_UNGUARDED_AVAILABILITY = YES_AGGRESSIVE;
				CLANG_WARN_UNREACHABLE_CODE = YES;
				CLANG_WARN__DUPLICATE_METHOD_MATCH = YES;
				COPY_PHASE_STRIP = NO;
				DEBUG_INFORMATION_FORMAT = "dwarf-with-dsym";
				ENABLE_NS_ASSERTIONS = NO;
				ENABLE_STRICT_OBJC_MSGSEND = YES;
				GCC_C_LANGUAGE_STANDARD = gnu11;
				GCC_NO_COMMON_BLOCKS = YES;
				GCC_WARN_64_TO_32_BIT_CONVERSION = YES;
				GCC_WARN_ABOUT_RETURN_TYPE = YES_ERROR;
				GCC_WARN_UNDECLARED_SELECTOR = YES;
				GCC_WARN_UNINITIALIZED_AUTOS = YES_AGGRESSIVE;
				GCC_WARN_UNUSED_FUNCTION = YES;
				GCC_WARN_UNUSED_VARIABLE = YES;
				MTL_ENABLE_DEBUG_INFO = NO;
				MTL_FAST_MATH = YES;
				SWIFT_COMPILATION_MODE = wholemodule;
				SWIFT_OPTIMIZATION_LEVEL = "-O";
			};
			name = Release;
		};
		6C67E05728183E7300D71213 /* Debug */ = {
			isa = XCBuildConfiguration;
			buildSettings = {
				ASSETCATALOG_COMPILER_APPICON_NAME = AppIcon;
				ASSETCATALOG_COMPILER_GLOBAL_ACCENT_COLOR_NAME = AccentColor;
				CODE_SIGN_STYLE = Automatic;
				CURRENT_PROJECT_VERSION = 1;
				DEVELOPMENT_TEAM = 8PDNVZYZHH;
				ENABLE_PREVIEWS = YES;
				GENERATE_INFOPLIST_FILE = YES;
				INFOPLIST_KEY_UIApplicationSceneManifest_Generation = YES;
				INFOPLIST_KEY_UIApplicationSupportsIndirectInputEvents = YES;
				INFOPLIST_KEY_UILaunchScreen_Generation = YES;
				INFOPLIST_KEY_UISupportedInterfaceOrientations_iPad = "UIInterfaceOrientationPortrait UIInterfaceOrientationPortraitUpsideDown UIInterfaceOrientationLandscapeLeft UIInterfaceOrientationLandscapeRight";
				INFOPLIST_KEY_UISupportedInterfaceOrientations_iPhone = "UIInterfaceOrientationPortrait UIInterfaceOrientationLandscapeLeft UIInterfaceOrientationLandscapeRight";
				IPHONEOS_DEPLOYMENT_TARGET = 15.4;
				LD_RUNPATH_SEARCH_PATHS = (
					"$(inherited)",
					"@executable_path/Frameworks",
				);
				MARKETING_VERSION = 1.0;
				PRODUCT_BUNDLE_IDENTIFIER = "com.berupu.SwiftUI-Combine-and-Data";
				PRODUCT_NAME = "SwiftUI Combine and Data";
				SDKROOT = iphoneos;
				SWIFT_EMIT_LOC_STRINGS = YES;
				SWIFT_VERSION = 5.0;
				TARGETED_DEVICE_FAMILY = "1,2";
			};
			name = Debug;
		};
		6C67E05828183E7300D71213 /* Release */ = {
			isa = XCBuildConfiguration;
			buildSettings = {
				ASSETCATALOG_COMPILER_APPICON_NAME = AppIcon;
				ASSETCATALOG_COMPILER_GLOBAL_ACCENT_COLOR_NAME = AccentColor;
				CODE_SIGN_STYLE = Automatic;
				CURRENT_PROJECT_VERSION = 1;
				DEVELOPMENT_TEAM = 8PDNVZYZHH;
				ENABLE_PREVIEWS = YES;
				GENERATE_INFOPLIST_FILE = YES;
				INFOPLIST_KEY_UIApplicationSceneManifest_Generation = YES;
				INFOPLIST_KEY_UIApplicationSupportsIndirectInputEvents = YES;
				INFOPLIST_KEY_UILaunchScreen_Generation = YES;
				INFOPLIST_KEY_UISupportedInterfaceOrientations_iPad = "UIInterfaceOrientationPortrait UIInterfaceOrientationPortraitUpsideDown UIInterfaceOrientationLandscapeLeft UIInterfaceOrientationLandscapeRight";
				INFOPLIST_KEY_UISupportedInterfaceOrientations_iPhone = "UIInterfaceOrientationPortrait UIInterfaceOrientationLandscapeLeft UIInterfaceOrientationLandscapeRight";
				IPHONEOS_DEPLOYMENT_TARGET = 15.4;
				LD_RUNPATH_SEARCH_PATHS = (
					"$(inherited)",
					"@executable_path/Frameworks",
				);
				MARKETING_VERSION = 1.0;
				PRODUCT_BUNDLE_IDENTIFIER = "com.berupu.SwiftUI-Combine-and-Data";
				PRODUCT_NAME = "SwiftUI Combine and Data";
				SDKROOT = iphoneos;
				SWIFT_EMIT_LOC_STRINGS = YES;
				SWIFT_VERSION = 5.0;
				TARGETED_DEVICE_FAMILY = "1,2";
				VALIDATE_PRODUCT = YES;
			};
			name = Release;
		};
		6C67E05A28183E7300D71213 /* Debug */ = {
			isa = XCBuildConfiguration;
			buildSettings = {
				ASSETCATALOG_COMPILER_APPICON_NAME = AppIcon;
				ASSETCATALOG_COMPILER_GLOBAL_ACCENT_COLOR_NAME = AccentColor;
				CODE_SIGN_ENTITLEMENTS = macOS/macOS.entitlements;
				CODE_SIGN_STYLE = Automatic;
				COMBINE_HIDPI_IMAGES = YES;
				CURRENT_PROJECT_VERSION = 1;
				DEVELOPMENT_TEAM = 8PDNVZYZHH;
				ENABLE_HARDENED_RUNTIME = YES;
				ENABLE_PREVIEWS = YES;
				GENERATE_INFOPLIST_FILE = YES;
				INFOPLIST_KEY_NSHumanReadableCopyright = "";
				LD_RUNPATH_SEARCH_PATHS = (
					"$(inherited)",
					"@executable_path/../Frameworks",
				);
				MACOSX_DEPLOYMENT_TARGET = 12.3;
				MARKETING_VERSION = 1.0;
				PRODUCT_BUNDLE_IDENTIFIER = "com.berupu.SwiftUI-Combine-and-Data";
				PRODUCT_NAME = "SwiftUI Combine and Data";
				SDKROOT = macosx;
				SWIFT_EMIT_LOC_STRINGS = YES;
				SWIFT_VERSION = 5.0;
			};
			name = Debug;
		};
		6C67E05B28183E7300D71213 /* Release */ = {
			isa = XCBuildConfiguration;
			buildSettings = {
				ASSETCATALOG_COMPILER_APPICON_NAME = AppIcon;
				ASSETCATALOG_COMPILER_GLOBAL_ACCENT_COLOR_NAME = AccentColor;
				CODE_SIGN_ENTITLEMENTS = macOS/macOS.entitlements;
				CODE_SIGN_STYLE = Automatic;
				COMBINE_HIDPI_IMAGES = YES;
				CURRENT_PROJECT_VERSION = 1;
				DEVELOPMENT_TEAM = 8PDNVZYZHH;
				ENABLE_HARDENED_RUNTIME = YES;
				ENABLE_PREVIEWS = YES;
				GENERATE_INFOPLIST_FILE = YES;
				INFOPLIST_KEY_NSHumanReadableCopyright = "";
				LD_RUNPATH_SEARCH_PATHS = (
					"$(inherited)",
					"@executable_path/../Frameworks",
				);
				MACOSX_DEPLOYMENT_TARGET = 12.3;
				MARKETING_VERSION = 1.0;
				PRODUCT_BUNDLE_IDENTIFIER = "com.berupu.SwiftUI-Combine-and-Data";
				PRODUCT_NAME = "SwiftUI Combine and Data";
				SDKROOT = macosx;
				SWIFT_EMIT_LOC_STRINGS = YES;
				SWIFT_VERSION = 5.0;
			};
			name = Release;
		};
/* End XCBuildConfiguration section */

/* Begin XCConfigurationList section */
		6C67E03C28183E6D00D71213 /* Build configuration list for PBXProject "SwiftUI Combine and Data" */ = {
			isa = XCConfigurationList;
			buildConfigurations = (
				6C67E05428183E7300D71213 /* Debug */,
				6C67E05528183E7300D71213 /* Release */,
			);
			defaultConfigurationIsVisible = 0;
			defaultConfigurationName = Release;
		};
		6C67E05628183E7300D71213 /* Build configuration list for PBXNativeTarget "SwiftUI Combine and Data (iOS)" */ = {
			isa = XCConfigurationList;
			buildConfigurations = (
				6C67E05728183E7300D71213 /* Debug */,
				6C67E05828183E7300D71213 /* Release */,
			);
			defaultConfigurationIsVisible = 0;
			defaultConfigurationName = Release;
		};
		6C67E05928183E7300D71213 /* Build configuration list for PBXNativeTarget "SwiftUI Combine and Data (macOS)" */ = {
			isa = XCConfigurationList;
			buildConfigurations = (
				6C67E05A28183E7300D71213 /* Debug */,
				6C67E05B28183E7300D71213 /* Release */,
			);
			defaultConfigurationIsVisible = 0;
			defaultConfigurationName = Release;
		};
/* End XCConfigurationList section */

/* Begin XCRemoteSwiftPackageReference section */
		6CA48D99281C56A000083FA6 /* XCRemoteSwiftPackageReference "firebase-ios-sdk" */ = {
			isa = XCRemoteSwiftPackageReference;
			repositoryURL = "https://github.com/firebase/firebase-ios-sdk";
			requirement = {
				kind = upToNextMajorVersion;
				minimumVersion = 8.0.0;
			};
		};
/* End XCRemoteSwiftPackageReference section */

/* Begin XCSwiftPackageProductDependency section */
		6C4C3D212833F6410037D7E3 /* FirebaseAnalytics */ = {
			isa = XCSwiftPackageProductDependency;
			package = 6CA48D99281C56A000083FA6 /* XCRemoteSwiftPackageReference "firebase-ios-sdk" */;
			productName = FirebaseAnalytics;
		};
		6C4C3D232833F6410037D7E3 /* FirebaseMessaging */ = {
			isa = XCSwiftPackageProductDependency;
			package = 6CA48D99281C56A000083FA6 /* XCRemoteSwiftPackageReference "firebase-ios-sdk" */;
			productName = FirebaseMessaging;
		};
		6CA48D9A281C56A000083FA6 /* FirebaseFirestore */ = {
			isa = XCSwiftPackageProductDependency;
			package = 6CA48D99281C56A000083FA6 /* XCRemoteSwiftPackageReference "firebase-ios-sdk" */;
			productName = FirebaseFirestore;
		};
/* End XCSwiftPackageProductDependency section */
	};
	rootObject = 6C67E03928183E6D00D71213 /* Project object */;
}
